// !$*UTF8*$!
{
	archiveVersion = 1;
	classes = {
	};
	objectVersion = 56;
	objects = {

/* Begin PBXBuildFile section */
		/* App Files */
		AAA0000001 /* AgentfyApp.swift in Sources */ = {isa = PBXBuildFile; fileRef = AAA0000011; };
		AAA0000002 /* AppState.swift in Sources */ = {isa = PBXBuildFile; fileRef = AAA0000012; };
		AAA0000003 /* ContentView.swift in Sources */ = {isa = PBXBuildFile; fileRef = AAA0000013; };

		/* Models */
		AAA0000004 /* Agent.swift in Sources */ = {isa = PBXBuildFile; fileRef = AAA0000014; };

		/* Services */
		AAA0000005 /* APIService.swift in Sources */ = {isa = PBXBuildFile; fileRef = AAA0000015; };
		AAA0000006 /* NotificationService.swift in Sources */ = {isa = PBXBuildFile; fileRef = AAA0000016; };

		/* Views */
		AAA0000007 /* OnboardingView.swift in Sources */ = {isa = PBXBuildFile; fileRef = AAA0000017; };
		AAA0000008 /* DashboardView.swift in Sources */ = {isa = PBXBuildFile; fileRef = AAA0000018; };
		AAA0000009 /* SettingsView.swift in Sources */ = {isa = PBXBuildFile; fileRef = AAA0000019; };

		/* Extensions */
		AAA000000A /* Color+Theme.swift in Sources */ = {isa = PBXBuildFile; fileRef = AAA000001A; };

		/* LiveActivity */
		AAA000000B /* AgentActivityAttributes.swift in Sources */ = {isa = PBXBuildFile; fileRef = AAA000001B; };

		/* Widget */
		BBB0000001 /* AgentfyWidget.swift in Sources */ = {isa = PBXBuildFile; fileRef = BBB0000011; };
		BBB0000002 /* AgentfyWidgetBundle.swift in Sources */ = {isa = PBXBuildFile; fileRef = BBB0000012; };
		BBB0000003 /* WidgetKit.framework in Frameworks */ = {isa = PBXBuildFile; fileRef = BBB0000013; };
		BBB0000004 /* SwiftUI.framework in Frameworks */ = {isa = PBXBuildFile; fileRef = BBB0000014; };
/* End PBXBuildFile section */

/* Begin PBXContainerItemProxy section */
		CCC0000001 /* PBXContainerItemProxy */ = {
			isa = PBXContainerItemProxy;
			containerPortal = DDD0000001 /* Project object */;
			proxyType = 1;
			remoteGlobalIDString = EEE0000001;
			remoteInfo = AgentfyWidgetExtension;
		};
/* End PBXContainerItemProxy section */

/* Begin PBXCopyFilesBuildPhase section */
		FFF0000001 /* Embed Foundation Extensions */ = {
			isa = PBXCopyFilesBuildPhase;
			buildActionMask = 2147483647;
			dstPath = "";
			dstSubfolderSpec = 13;
			files = (
			);
			name = "Embed Foundation Extensions";
			runOnlyForDeploymentPostprocessing = 0;
		};
/* End PBXCopyFilesBuildPhase section */

/* Begin PBXFileReference section */
		/* App Files */
		AAA0000011 /* AgentfyApp.swift */ = {isa = PBXFileReference; lastKnownFileType = sourcecode.swift; path = AgentfyApp.swift; sourceTree = "<group>"; };
		AAA0000012 /* AppState.swift */ = {isa = PBXFileReference; lastKnownFileType = sourcecode.swift; path = AppState.swift; sourceTree = "<group>"; };
		AAA0000013 /* ContentView.swift */ = {isa = PBXFileReference; lastKnownFileType = sourcecode.swift; path = ContentView.swift; sourceTree = "<group>"; };

		/* Models */
		AAA0000014 /* Agent.swift */ = {isa = PBXFileReference; lastKnownFileType = sourcecode.swift; path = Agent.swift; sourceTree = "<group>"; };

		/* Services */
		AAA0000015 /* APIService.swift */ = {isa = PBXFileReference; lastKnownFileType = sourcecode.swift; path = APIService.swift; sourceTree = "<group>"; };
		AAA0000016 /* NotificationService.swift */ = {isa = PBXFileReference; lastKnownFileType = sourcecode.swift; path = NotificationService.swift; sourceTree = "<group>"; };

		/* Views */
		AAA0000017 /* OnboardingView.swift */ = {isa = PBXFileReference; lastKnownFileType = sourcecode.swift; path = OnboardingView.swift; sourceTree = "<group>"; };
		AAA0000018 /* DashboardView.swift */ = {isa = PBXFileReference; lastKnownFileType = sourcecode.swift; path = DashboardView.swift; sourceTree = "<group>"; };
		AAA0000019 /* SettingsView.swift */ = {isa = PBXFileReference; lastKnownFileType = sourcecode.swift; path = SettingsView.swift; sourceTree = "<group>"; };

		/* Extensions */
		AAA000001A /* Color+Theme.swift */ = {isa = PBXFileReference; lastKnownFileType = sourcecode.swift; path = "Color+Theme.swift"; sourceTree = "<group>"; };

		/* LiveActivity */
		AAA000001B /* AgentActivityAttributes.swift */ = {isa = PBXFileReference; lastKnownFileType = sourcecode.swift; path = AgentActivityAttributes.swift; sourceTree = "<group>"; };

		/* Widget Files */
		BBB0000011 /* AgentfyWidget.swift */ = {isa = PBXFileReference; lastKnownFileType = sourcecode.swift; path = AgentfyWidget.swift; sourceTree = "<group>"; };
		BBB0000012 /* AgentfyWidgetBundle.swift */ = {isa = PBXFileReference; lastKnownFileType = sourcecode.swift; path = AgentfyWidgetBundle.swift; sourceTree = "<group>"; };
		BBB0000013 /* WidgetKit.framework */ = {isa = PBXFileReference; lastKnownFileType = wrapper.framework; name = WidgetKit.framework; path = System/Library/Frameworks/WidgetKit.framework; sourceTree = SDKROOT; };
		BBB0000014 /* SwiftUI.framework */ = {isa = PBXFileReference; lastKnownFileType = wrapper.framework; name = SwiftUI.framework; path = System/Library/Frameworks/SwiftUI.framework; sourceTree = SDKROOT; };

		/* Products */
		PPP0000001 /* Agentfy.app */ = {isa = PBXFileReference; explicitFileType = wrapper.application; includeInIndex = 0; path = Agentfy.app; sourceTree = BUILT_PRODUCTS_DIR; };
		PPP0000002 /* AgentfyWidgetExtension.appex */ = {isa = PBXFileReference; explicitFileType = "wrapper.app-extension"; includeInIndex = 0; path = AgentfyWidgetExtension.appex; sourceTree = BUILT_PRODUCTS_DIR; };

		/* Info.plist */
		III0000001 /* Info.plist */ = {isa = PBXFileReference; lastKnownFileType = text.plist.xml; path = Info.plist; sourceTree = "<group>"; };
/* End PBXFileReference section */

/* Begin PBXFrameworksBuildPhase section */
		FFF0000002 /* Frameworks */ = {
			isa = PBXFrameworksBuildPhase;
			buildActionMask = 2147483647;
			files = (
			);
			runOnlyForDeploymentPostprocessing = 0;
		};
		FFF0000003 /* Frameworks */ = {
			isa = PBXFrameworksBuildPhase;
			buildActionMask = 2147483647;
			files = (
				BBB0000003 /* WidgetKit.framework in Frameworks */,
				BBB0000004 /* SwiftUI.framework in Frameworks */,
			);
			runOnlyForDeploymentPostprocessing = 0;
		};
/* End PBXFrameworksBuildPhase section */

/* Begin PBXGroup section */
		GGG0000001 = {
			isa = PBXGroup;
			children = (
				GGG0000002 /* Agentfy */,
				GGG0000003 /* AgentfyWidget */,
				GGG0000004 /* Products */,
				GGG0000005 /* Frameworks */,
			);
			sourceTree = "<group>";
		};
		GGG0000002 /* Agentfy */ = {
			isa = PBXGroup;
			children = (
				GGG0000006 /* App */,
				GGG0000007 /* Models */,
				GGG0000008 /* Services */,
				GGG0000009 /* Views */,
				GGG000000A /* Extensions */,
				GGG000000B /* LiveActivity */,
				GGG000000C /* Resources */,
				III0000001 /* Info.plist */,
			);
			path = Agentfy;
			sourceTree = "<group>";
		};
		GGG0000003 /* AgentfyWidget */ = {
			isa = PBXGroup;
			children = (
				BBB0000011 /* AgentfyWidget.swift */,
				BBB0000012 /* AgentfyWidgetBundle.swift */,
			);
			path = AgentfyWidget;
			sourceTree = "<group>";
		};
		GGG0000004 /* Products */ = {
			isa = PBXGroup;
			children = (
				PPP0000001 /* Agentfy.app */,
				PPP0000002 /* AgentfyWidgetExtension.appex */,
			);
			name = Products;
			sourceTree = "<group>";
		};
		GGG0000005 /* Frameworks */ = {
			isa = PBXGroup;
			children = (
				BBB0000013 /* WidgetKit.framework */,
				BBB0000014 /* SwiftUI.framework */,
			);
			name = Frameworks;
			sourceTree = "<group>";
		};
		GGG0000006 /* App */ = {
			isa = PBXGroup;
			children = (
				AAA0000011 /* AgentfyApp.swift */,
				AAA0000012 /* AppState.swift */,
				AAA0000013 /* ContentView.swift */,
			);
			path = App;
			sourceTree = "<group>";
		};
		GGG0000007 /* Models */ = {
			isa = PBXGroup;
			children = (
				AAA0000014 /* Agent.swift */,
			);
			path = Models;
			sourceTree = "<group>";
		};
		GGG0000008 /* Services */ = {
			isa = PBXGroup;
			children = (
				AAA0000015 /* APIService.swift */,
				AAA0000016 /* NotificationService.swift */,
			);
			path = Services;
			sourceTree = "<group>";
		};
		GGG0000009 /* Views */ = {
			isa = PBXGroup;
			children = (
				AAA0000017 /* OnboardingView.swift */,
				AAA0000018 /* DashboardView.swift */,
				AAA0000019 /* SettingsView.swift */,
			);
			path = Views;
			sourceTree = "<group>";
		};
		GGG000000A /* Extensions */ = {
			isa = PBXGroup;
			children = (
				AAA000001A /* Color+Theme.swift */,
			);
			path = Extensions;
			sourceTree = "<group>";
		};
		GGG000000B /* LiveActivity */ = {
			isa = PBXGroup;
			children = (
				AAA000001B /* AgentActivityAttributes.swift */,
			);
			path = LiveActivity;
			sourceTree = "<group>";
		};
		GGG000000C /* Resources */ = {
			isa = PBXGroup;
			children = (
			);
			path = Resources;
			sourceTree = "<group>";
		};
/* End PBXGroup section */

/* Begin PBXNativeTarget section */
		EEE0000001 /* AgentfyWidgetExtension */ = {
			isa = PBXNativeTarget;
			buildConfigurationList = XCConfigurationList_Widget;
			buildPhases = (
				SSS0000002 /* Sources */,
				FFF0000003 /* Frameworks */,
			);
			buildRules = (
			);
			dependencies = (
			);
			name = AgentfyWidgetExtension;
			productName = AgentfyWidgetExtension;
			productReference = PPP0000002 /* AgentfyWidgetExtension.appex */;
			productType = "com.apple.product-type.app-extension";
		};
		TTT0000001 /* Agentfy */ = {
			isa = PBXNativeTarget;
			buildConfigurationList = XCConfigurationList_App;
			buildPhases = (
				SSS0000001 /* Sources */,
				FFF0000002 /* Frameworks */,
				FFF0000001 /* Embed Foundation Extensions */,
			);
			buildRules = (
			);
			dependencies = (
				CCC0000001 /* PBXContainerItemProxy */,
			);
			name = Agentfy;
			productName = Agentfy;
			productReference = PPP0000001 /* Agentfy.app */;
			productType = "com.apple.product-type.application";
		};
/* End PBXNativeTarget section */

/* Begin PBXProject section */
		DDD0000001 /* Project object */ = {
			isa = PBXProject;
			attributes = {
				BuildIndependentTargetsInParallel = 1;
				LastSwiftUpdateCheck = 1520;
				LastUpgradeCheck = 1520;
				TargetAttributes = {
					EEE0000001 = {
						CreatedOnToolsVersion = 15.2;
					};
					TTT0000001 = {
						CreatedOnToolsVersion = 15.2;
					};
				};
			};
			buildConfigurationList = XCConfigurationList_Project;
			compatibilityVersion = "Xcode 14.0";
			developmentRegion = en;
			hasScannedForEncodings = 0;
			knownRegions = (
				en,
				Base,
			);
			mainGroup = GGG0000001;
			productRefGroup = GGG0000004 /* Products */;
			projectDirPath = "";
			projectRoot = "";
			targets = (
				TTT0000001 /* Agentfy */,
				EEE0000001 /* AgentfyWidgetExtension */,
			);
		};
/* End PBXProject section */

/* Begin PBXSourcesBuildPhase section */
		SSS0000001 /* Sources */ = {
			isa = PBXSourcesBuildPhase;
			buildActionMask = 2147483647;
			files = (
				AAA0000001 /* AgentfyApp.swift in Sources */,
				AAA0000002 /* AppState.swift in Sources */,
				AAA0000003 /* ContentView.swift in Sources */,
				AAA0000004 /* Agent.swift in Sources */,
				AAA0000005 /* APIService.swift in Sources */,
				AAA0000006 /* NotificationService.swift in Sources */,
				AAA0000007 /* OnboardingView.swift in Sources */,
				AAA0000008 /* DashboardView.swift in Sources */,
				AAA0000009 /* SettingsView.swift in Sources */,
				AAA000000A /* Color+Theme.swift in Sources */,
				AAA000000B /* AgentActivityAttributes.swift in Sources */,
			);
			runOnlyForDeploymentPostprocessing = 0;
		};
		SSS0000002 /* Sources */ = {
			isa = PBXSourcesBuildPhase;
			buildActionMask = 2147483647;
			files = (
				BBB0000001 /* AgentfyWidget.swift in Sources */,
				BBB0000002 /* AgentfyWidgetBundle.swift in Sources */,
			);
			runOnlyForDeploymentPostprocessing = 0;
		};
/* End PBXSourcesBuildPhase section */

/* Begin XCBuildConfiguration section */
		XCBuildConfiguration_Debug_Project = {
			isa = XCBuildConfiguration;
			buildSettings = {
				ALWAYS_SEARCH_USER_PATHS = NO;
				ASSETCATALOG_COMPILER_GENERATE_SWIFT_ASSET_SYMBOL_EXTENSIONS = YES;
				CLANG_ANALYZER_NONNULL = YES;
				CLANG_ANALYZER_NUMBER_OBJECT_CONVERSION = YES_AGGRESSIVE;
				CLANG_CXX_LANGUAGE_STANDARD = "gnu++20";
				CLANG_ENABLE_MODULES = YES;
				CLANG_ENABLE_OBJC_ARC = YES;
				CLANG_ENABLE_OBJC_WEAK = YES;
				CLANG_WARN_BLOCK_CAPTURE_AUTORELEASING = YES;
				CLANG_WARN_BOOL_CONVERSION = YES;
				CLANG_WARN_COMMA = YES;
				CLANG_WARN_CONSTANT_CONVERSION = YES;
				CLANG_WARN_DEPRECATED_OBJC_IMPLEMENTATIONS = YES;
				CLANG_WARN_DIRECT_OBJC_ISA_USAGE = YES_ERROR;
				CLANG_WARN_DOCUMENTATION_COMMENTS = YES;
				CLANG_WARN_EMPTY_BODY = YES;
				CLANG_WARN_ENUM_CONVERSION = YES;
				CLANG_WARN_INFINITE_RECURSION = YES;
				CLANG_WARN_INT_CONVERSION = YES;
				CLANG_WARN_NON_LITERAL_NULL_CONVERSION = YES;
				CLANG_WARN_OBJC_IMPLICIT_RETAIN_SELF = YES;
				CLANG_WARN_OBJC_LITERAL_CONVERSION = YES;
				CLANG_WARN_OBJC_ROOT_CLASS = YES_ERROR;
				CLANG_WARN_QUOTED_INCLUDE_IN_FRAMEWORK_HEADER = YES;
				CLANG_WARN_RANGE_LOOP_ANALYSIS = YES;
				CLANG_WARN_STRICT_PROTOTYPES = YES;
				CLANG_WARN_SUSPICIOUS_MOVE = YES;
				CLANG_WARN_UNGUARDED_AVAILABILITY = YES_AGGRESSIVE;
				CLANG_WARN_UNREACHABLE_CODE = YES;
				CLANG_WARN__DUPLICATE_METHOD_MATCH = YES;
				COPY_PHASE_STRIP = NO;
				DEBUG_INFORMATION_FORMAT = dwarf;
				ENABLE_STRICT_OBJC_MSGSEND = YES;
				ENABLE_TESTABILITY = YES;
				ENABLE_USER_SCRIPT_SANDBOXING = YES;
				GCC_C_LANGUAGE_STANDARD = gnu17;
				GCC_DYNAMIC_NO_PIC = NO;
				GCC_NO_COMMON_BLOCKS = YES;
				GCC_OPTIMIZATION_LEVEL = 0;
				GCC_PREPROCESSOR_DEFINITIONS = (
					"DEBUG=1",
					"$(inherited)",
				);
				GCC_WARN_64_TO_32_BIT_CONVERSION = YES;
				GCC_WARN_ABOUT_RETURN_TYPE = YES_ERROR;
				GCC_WARN_UNDECLARED_SELECTOR = YES;
				GCC_WARN_UNINITIALIZED_AUTOS = YES_AGGRESSIVE;
				GCC_WARN_UNUSED_FUNCTION = YES;
				GCC_WARN_UNUSED_VARIABLE = YES;
				IPHONEOS_DEPLOYMENT_TARGET = 18.0;
				LOCALIZATION_PREFERS_STRING_CATALOGS = YES;
				MTL_ENABLE_DEBUG_INFO = INCLUDE_SOURCE;
				MTL_FAST_MATH = YES;
				ONLY_ACTIVE_ARCH = YES;
				SDKROOT = iphoneos;
				SWIFT_ACTIVE_COMPILATION_CONDITIONS = "DEBUG $(inherited)";
				SWIFT_OPTIMIZATION_LEVEL = "-Onone";
			};
			name = Debug;
		};
		XCBuildConfiguration_Release_Project = {
			isa = XCBuildConfiguration;
			buildSettings = {
				ALWAYS_SEARCH_USER_PATHS = NO;
				ASSETCATALOG_COMPILER_GENERATE_SWIFT_ASSET_SYMBOL_EXTENSIONS = YES;
				CLANG_ANALYZER_NONNULL = YES;
				CLANG_ANALYZER_NUMBER_OBJECT_CONVERSION = YES_AGGRESSIVE;
				CLANG_CXX_LANGUAGE_STANDARD = "gnu++20";
				CLANG_ENABLE_MODULES = YES;
				CLANG_ENABLE_OBJC_ARC = YES;
				CLANG_ENABLE_OBJC_WEAK = YES;
				CLANG_WARN_BLOCK_CAPTURE_AUTORELEASING = YES;
				CLANG_WARN_BOOL_CONVERSION = YES;
				CLANG_WARN_COMMA = YES;
				CLANG_WARN_CONSTANT_CONVERSION = YES;
				CLANG_WARN_DEPRECATED_OBJC_IMPLEMENTATIONS = YES;
				CLANG_WARN_DIRECT_OBJC_ISA_USAGE = YES_ERROR;
				CLANG_WARN_DOCUMENTATION_COMMENTS = YES;
				CLANG_WARN_EMPTY_BODY = YES;
				CLANG_WARN_ENUM_CONVERSION = YES;
				CLANG_WARN_INFINITE_RECURSION = YES;
				CLANG_WARN_INT_CONVERSION = YES;
				CLANG_WARN_NON_LITERAL_NULL_CONVERSION = YES;
				CLANG_WARN_OBJC_IMPLICIT_RETAIN_SELF = YES;
				CLANG_WARN_OBJC_LITERAL_CONVERSION = YES;
				CLANG_WARN_OBJC_ROOT_CLASS = YES_ERROR;
				CLANG_WARN_QUOTED_INCLUDE_IN_FRAMEWORK_HEADER = YES;
				CLANG_WARN_RANGE_LOOP_ANALYSIS = YES;
				CLANG_WARN_STRICT_PROTOTYPES = YES;
				CLANG_WARN_SUSPICIOUS_MOVE = YES;
				CLANG_WARN_UNGUARDED_AVAILABILITY = YES_AGGRESSIVE;
				CLANG_WARN_UNREACHABLE_CODE = YES;
				CLANG_WARN__DUPLICATE_METHOD_MATCH = YES;
				COPY_PHASE_STRIP = NO;
				DEBUG_INFORMATION_FORMAT = "dwarf-with-dsym";
				ENABLE_NS_ASSERTIONS = NO;
				ENABLE_STRICT_OBJC_MSGSEND = YES;
				ENABLE_USER_SCRIPT_SANDBOXING = YES;
				GCC_C_LANGUAGE_STANDARD = gnu17;
				GCC_NO_COMMON_BLOCKS = YES;
				GCC_WARN_64_TO_32_BIT_CONVERSION = YES;
				GCC_WARN_ABOUT_RETURN_TYPE = YES_ERROR;
				GCC_WARN_UNDECLARED_SELECTOR = YES;
				GCC_WARN_UNINITIALIZED_AUTOS = YES_AGGRESSIVE;
				GCC_WARN_UNUSED_FUNCTION = YES;
				GCC_WARN_UNUSED_VARIABLE = YES;
				IPHONEOS_DEPLOYMENT_TARGET = 18.0;
				LOCALIZATION_PREFERS_STRING_CATALOGS = YES;
				MTL_ENABLE_DEBUG_INFO = NO;
				MTL_FAST_MATH = YES;
				SDKROOT = iphoneos;
				SWIFT_COMPILATION_MODE = wholemodule;
				VALIDATE_PRODUCT = YES;
			};
			name = Release;
		};
		XCBuildConfiguration_Debug_App = {
			isa = XCBuildConfiguration;
			buildSettings = {
				ASSETCATALOG_COMPILER_APPICON_NAME = AppIcon;
				ASSETCATALOG_COMPILER_GLOBAL_ACCENT_COLOR_NAME = AccentColor;
				CODE_SIGN_STYLE = Automatic;
				CURRENT_PROJECT_VERSION = 1;
				DEVELOPMENT_TEAM = "";
				GENERATE_INFOPLIST_FILE = YES;
				INFOPLIST_FILE = Agentfy/Info.plist;
				INFOPLIST_KEY_CFBundleDisplayName = Agentfy;
				INFOPLIST_KEY_LSApplicationCategoryType = "public.app-category.developer-tools";
				INFOPLIST_KEY_UIApplicationSceneManifest_Generation = YES;
				INFOPLIST_KEY_UIApplicationSupportsIndirectInputEvents = YES;
				INFOPLIST_KEY_UILaunchScreen_Generation = YES;
				INFOPLIST_KEY_UISupportedInterfaceOrientations = UIInterfaceOrientationPortrait;
				LD_RUNPATH_SEARCH_PATHS = (
					"$(inherited)",
					"@executable_path/Frameworks",
				);
				MARKETING_VERSION = 1.0;
				PRODUCT_BUNDLE_IDENTIFIER = com.yourcompany.agentfy;
				PRODUCT_NAME = "$(TARGET_NAME)";
				SUPPORTED_PLATFORMS = "iphoneos iphonesimulator";
				SUPPORTS_MACCATALYST = NO;
				SWIFT_EMIT_LOC_STRINGS = YES;
				SWIFT_VERSION = 5.0;
				TARGETED_DEVICE_FAMILY = 1;
			};
			name = Debug;
		};
		XCBuildConfiguration_Release_App = {
			isa = XCBuildConfiguration;
			buildSettings = {
				ASSETCATALOG_COMPILER_APPICON_NAME = AppIcon;
				ASSETCATALOG_COMPILER_GLOBAL_ACCENT_COLOR_NAME = AccentColor;
				CODE_SIGN_STYLE = Automatic;
				CURRENT_PROJECT_VERSION = 1;
				DEVELOPMENT_TEAM = "";
				GENERATE_INFOPLIST_FILE = YES;
				INFOPLIST_FILE = Agentfy/Info.plist;
				INFOPLIST_KEY_CFBundleDisplayName = Agentfy;
				INFOPLIST_KEY_LSApplicationCategoryType = "public.app-category.developer-tools";
				INFOPLIST_KEY_UIApplicationSceneManifest_Generation = YES;
				INFOPLIST_KEY_UIApplicationSupportsIndirectInputEvents = YES;
				INFOPLIST_KEY_UILaunchScreen_Generation = YES;
				INFOPLIST_KEY_UISupportedInterfaceOrientations = UIInterfaceOrientationPortrait;
				LD_RUNPATH_SEARCH_PATHS = (
					"$(inherited)",
					"@executable_path/Frameworks",
				);
				MARKETING_VERSION = 1.0;
				PRODUCT_BUNDLE_IDENTIFIER = com.yourcompany.agentfy;
				PRODUCT_NAME = "$(TARGET_NAME)";
				SUPPORTED_PLATFORMS = "iphoneos iphonesimulator";
				SUPPORTS_MACCATALYST = NO;
				SWIFT_EMIT_LOC_STRINGS = YES;
				SWIFT_VERSION = 5.0;
				TARGETED_DEVICE_FAMILY = 1;
			};
			name = Release;
		};
		XCBuildConfiguration_Debug_Widget = {
			isa = XCBuildConfiguration;
			buildSettings = {
				CODE_SIGN_STYLE = Automatic;
				CURRENT_PROJECT_VERSION = 1;
				DEVELOPMENT_TEAM = "";
				GENERATE_INFOPLIST_FILE = YES;
				INFOPLIST_KEY_CFBundleDisplayName = AgentfyWidget;
				INFOPLIST_KEY_NSHumanReadableCopyright = "";
				LD_RUNPATH_SEARCH_PATHS = (
					"$(inherited)",
					"@executable_path/Frameworks",
					"@executable_path/../../Frameworks",
				);
				MARKETING_VERSION = 1.0;
				PRODUCT_BUNDLE_IDENTIFIER = com.yourcompany.agentfy.widget;
				PRODUCT_NAME = "$(TARGET_NAME)";
				SKIP_INSTALL = YES;
				SWIFT_EMIT_LOC_STRINGS = YES;
				SWIFT_VERSION = 5.0;
				TARGETED_DEVICE_FAMILY = 1;
			};
			name = Debug;
		};
		XCBuildConfiguration_Release_Widget = {
			isa = XCBuildConfiguration;
			buildSettings = {
				CODE_SIGN_STYLE = Automatic;
				CURRENT_PROJECT_VERSION = 1;
				DEVELOPMENT_TEAM = "";
				GENERATE_INFOPLIST_FILE = YES;
				INFOPLIST_KEY_CFBundleDisplayName = AgentfyWidget;
				INFOPLIST_KEY_NSHumanReadableCopyright = "";
				LD_RUNPATH_SEARCH_PATHS = (
					"$(inherited)",
					"@executable_path/Frameworks",
					"@executable_path/../../Frameworks",
				);
				MARKETING_VERSION = 1.0;
				PRODUCT_BUNDLE_IDENTIFIER = com.yourcompany.agentfy.widget;
				PRODUCT_NAME = "$(TARGET_NAME)";
				SKIP_INSTALL = YES;
				SWIFT_EMIT_LOC_STRINGS = YES;
				SWIFT_VERSION = 5.0;
				TARGETED_DEVICE_FAMILY = 1;
			};
			name = Release;
		};
/* End XCBuildConfiguration section */

/* Begin XCConfigurationList section */
		XCConfigurationList_Project = {
			isa = XCConfigurationList;
			buildConfigurations = (
				XCBuildConfiguration_Debug_Project,
				XCBuildConfiguration_Release_Project,
			);
			defaultConfigurationIsVisible = 0;
			defaultConfigurationName = Release;
		};
		XCConfigurationList_App = {
			isa = XCConfigurationList;
			buildConfigurations = (
				XCBuildConfiguration_Debug_App,
				XCBuildConfiguration_Release_App,
			);
			defaultConfigurationIsVisible = 0;
			defaultConfigurationName = Release;
		};
		XCConfigurationList_Widget = {
			isa = XCConfigurationList;
			buildConfigurations = (
				XCBuildConfiguration_Debug_Widget,
				XCBuildConfiguration_Release_Widget,
			);
			defaultConfigurationIsVisible = 0;
			defaultConfigurationName = Release;
		};
/* End XCConfigurationList section */
	};
	rootObject = DDD0000001 /* Project object */;
}
